
Microsoft Visual Studio Solution File, Format Version 12.00
# Visual Studio Version 17
VisualStudioVersion = 17.7.34024.191
MinimumVisualStudioVersion = 10.0.40219.1
Project("{FAE04EC0-301F-11D3-BF4B-00C04F79EFBC}") = "Week14OOP", "Week14OOP\Week14OOP.csproj", "{EBFF0FBA-CC43-4EE8-A4CE-B595F009C17F}"
EndProject
Global
	GlobalSection(SolutionConfigurationPlatforms) = preSolution
		Debug|Any CPU = Debug|Any CPU
		Release|Any CPU = Release|Any CPU
	EndGlobalSection
	GlobalSection(ProjectConfigurationPlatforms) = postSolution
		{EBFF0FBA-CC43-4EE8-A4CE-B595F009C17F}.Debug|Any CPU.ActiveCfg = Debug|Any CPU
		{EBFF0FBA-CC43-4EE8-A4CE-B595F009C17F}.Debug|Any CPU.Build.0 = Debug|Any CPU
		{EBFF0FBA-CC43-4EE8-A4CE-B595F009C17F}.Release|Any CPU.ActiveCfg = Release|Any CPU
		{EBFF0FBA-CC43-4EE8-A4CE-B595F009C17F}.Release|Any CPU.Build.0 = Release|Any CPU
	EndGlobalSection
	GlobalSection(SolutionProperties) = preSolution
		HideSolutionNode = FALSE
	EndGlobalSection
	GlobalSection(ExtensibilityGlobals) = postSolution
		SolutionGuid = {68CBB424-3435-49F1-9A3D-67A688F4D95D}
	EndGlobalSection
EndGlobal
